// !$*UTF8*$!
{
	archiveVersion = 1;
	classes = {
	};
	objectVersion = 50;
	objects = {

/* Begin PBXBuildFile section */
		EF15D31D2F27B77A000BDEC8 /* UmamusumeViewModel.swift in Sources */ = {isa = PBXBuildFile; fileRef = EF15D31C2F27B77A000BDEC8 /* UmamusumeViewModel.swift */; };
		EF3026952F1E75FA00C74085 /* UmamuAPI_ProjectApp.swift in Sources */ = {isa = PBXBuildFile; fileRef = EF3026942F1E75FA00C74085 /* UmamuAPI_ProjectApp.swift */; };
		EF3026972F1E75FA00C74085 /* ContentView.swift in Sources */ = {isa = PBXBuildFile; fileRef = EF3026962F1E75FA00C74085 /* ContentView.swift */; };
		EF3026992F1E75FB00C74085 /* Assets.xcassets in Resources */ = {isa = PBXBuildFile; fileRef = EF3026982F1E75FB00C74085 /* Assets.xcassets */; };
		EF30269C2F1E75FB00C74085 /* Preview Assets.xcassets in Resources */ = {isa = PBXBuildFile; fileRef = EF30269B2F1E75FB00C74085 /* Preview Assets.xcassets */; };
		EFB5EFEA2F1E7906008F0849 /* Umamusume.swift in Sources */ = {isa = PBXBuildFile; fileRef = EFB5EFE92F1E7906008F0849 /* Umamusume.swift */; };
		EFB5EFED2F1E791C008F0849 /* Spark.swift in Sources */ = {isa = PBXBuildFile; fileRef = EFB5EFEC2F1E791C008F0849 /* Spark.swift */; };
		EFB5EFF52F1E823E008F0849 /* APIService.swift in Sources */ = {isa = PBXBuildFile; fileRef = EFB5EFF42F1E823E008F0849 /* APIService.swift */; };
		EFB5EFFF2F1E876D008F0849 /* APIError.swift in Sources */ = {isa = PBXBuildFile; fileRef = EFB5EFFE2F1E876D008F0849 /* APIError.swift */; };
		EFB5F0082F1E8DB8008F0849 /* SparkListView.swift in Sources */ = {isa = PBXBuildFile; fileRef = EFB5F0072F1E8DB8008F0849 /* SparkListView.swift */; };
		EFB5F0112F1E94F4008F0849 /* UmamusumeResponse.swift in Sources */ = {isa = PBXBuildFile; fileRef = EFB5F0102F1E94F4008F0849 /* UmamusumeResponse.swift */; };
		EFB5F0182F1E95FA008F0849 /* SparkResponse.swift in Sources */ = {isa = PBXBuildFile; fileRef = EFB5F0172F1E95FA008F0849 /* SparkResponse.swift */; };
		EFB5F01B2F1E96EB008F0849 /* UmamusumeListView.swift in Sources */ = {isa = PBXBuildFile; fileRef = EFB5F01A2F1E96EB008F0849 /* UmamusumeListView.swift */; };
/* End PBXBuildFile section */

/* Begin PBXFileReference section */
		EF15D31C2F27B77A000BDEC8 /* UmamusumeViewModel.swift */ = {isa = PBXFileReference; lastKnownFileType = sourcecode.swift; path = UmamusumeViewModel.swift; sourceTree = "<group>"; };
		EF3026912F1E75FA00C74085 /* UmamuAPI Project.app */ = {isa = PBXFileReference; explicitFileType = wrapper.application; includeInIndex = 0; path = "UmamuAPI Project.app"; sourceTree = BUILT_PRODUCTS_DIR; };
		EF3026942F1E75FA00C74085 /* UmamuAPI_ProjectApp.swift */ = {isa = PBXFileReference; lastKnownFileType = sourcecode.swift; path = UmamuAPI_ProjectApp.swift; sourceTree = "<group>"; };
		EF3026962F1E75FA00C74085 /* ContentView.swift */ = {isa = PBXFileReference; lastKnownFileType = sourcecode.swift; path = ContentView.swift; sourceTree = "<group>"; };
		EF3026982F1E75FB00C74085 /* Assets.xcassets */ = {isa = PBXFileReference; lastKnownFileType = folder.assetcatalog; path = Assets.xcassets; sourceTree = "<group>"; };
		EF30269B2F1E75FB00C74085 /* Preview Assets.xcassets */ = {isa = PBXFileReference; lastKnownFileType = folder.assetcatalog; path = "Preview Assets.xcassets"; sourceTree = "<group>"; };
		EF30269D2F1E75FB00C74085 /* Info.plist */ = {isa = PBXFileReference; lastKnownFileType = text.plist.xml; path = Info.plist; sourceTree = "<group>"; };
		EFB5EFE92F1E7906008F0849 /* Umamusume.swift */ = {isa = PBXFileReference; lastKnownFileType = sourcecode.swift; path = Umamusume.swift; sourceTree = "<group>"; };
		EFB5EFEC2F1E791C008F0849 /* Spark.swift */ = {isa = PBXFileReference; lastKnownFileType = sourcecode.swift; path = Spark.swift; sourceTree = "<group>"; };
		EFB5EFF42F1E823E008F0849 /* APIService.swift */ = {isa = PBXFileReference; lastKnownFileType = sourcecode.swift; path = APIService.swift; sourceTree = "<group>"; };
		EFB5EFFE2F1E876D008F0849 /* APIError.swift */ = {isa = PBXFileReference; lastKnownFileType = sourcecode.swift; path = APIError.swift; sourceTree = "<group>"; };
		EFB5F0072F1E8DB8008F0849 /* SparkListView.swift */ = {isa = PBXFileReference; lastKnownFileType = sourcecode.swift; path = SparkListView.swift; sourceTree = "<group>"; };
		EFB5F0102F1E94F4008F0849 /* UmamusumeResponse.swift */ = {isa = PBXFileReference; lastKnownFileType = sourcecode.swift; path = UmamusumeResponse.swift; sourceTree = "<group>"; };
		EFB5F0172F1E95FA008F0849 /* SparkResponse.swift */ = {isa = PBXFileReference; lastKnownFileType = sourcecode.swift; path = SparkResponse.swift; sourceTree = "<group>"; };
		EFB5F01A2F1E96EB008F0849 /* UmamusumeListView.swift */ = {isa = PBXFileReference; lastKnownFileType = sourcecode.swift; path = UmamusumeListView.swift; sourceTree = "<group>"; };
/* End PBXFileReference section */

/* Begin PBXFrameworksBuildPhase section */
		EF30268E2F1E75FA00C74085 /* Frameworks */ = {
			isa = PBXFrameworksBuildPhase;
			buildActionMask = 2147483647;
			files = (
			);
			runOnlyForDeploymentPostprocessing = 0;
		};
/* End PBXFrameworksBuildPhase section */

/* Begin PBXGroup section */
		EF3026882F1E75FA00C74085 = {
			isa = PBXGroup;
			children = (
				EF3026932F1E75FA00C74085 /* UmamuAPI Project */,
				EF3026922F1E75FA00C74085 /* Products */,
			);
			sourceTree = "<group>";
		};
		EF3026922F1E75FA00C74085 /* Products */ = {
			isa = PBXGroup;
			children = (
				EF3026912F1E75FA00C74085 /* UmamuAPI Project.app */,
			);
			name = Products;
			sourceTree = "<group>";
		};
		EF3026932F1E75FA00C74085 /* UmamuAPI Project */ = {
			isa = PBXGroup;
			children = (
				EFB5EFE82F1E787C008F0849 /* ViewModel */,
				EFB5EFE72F1E7877008F0849 /* View */,
				EFB5EFE62F1E786F008F0849 /* Model */,
				EF3026942F1E75FA00C74085 /* UmamuAPI_ProjectApp.swift */,
				EF3026962F1E75FA00C74085 /* ContentView.swift */,
				EF3026982F1E75FB00C74085 /* Assets.xcassets */,
				EF30269D2F1E75FB00C74085 /* Info.plist */,
				EF30269A2F1E75FB00C74085 /* Preview Content */,
			);
			path = "UmamuAPI Project";
			sourceTree = "<group>";
		};
		EF30269A2F1E75FB00C74085 /* Preview Content */ = {
			isa = PBXGroup;
			children = (
				EF30269B2F1E75FB00C74085 /* Preview Assets.xcassets */,
			);
			path = "Preview Content";
			sourceTree = "<group>";
		};
		EFB5EFE62F1E786F008F0849 /* Model */ = {
			isa = PBXGroup;
			children = (
				EFB5EFE92F1E7906008F0849 /* Umamusume.swift */,
				EFB5EFEC2F1E791C008F0849 /* Spark.swift */,
				EFB5F0102F1E94F4008F0849 /* UmamusumeResponse.swift */,
				EFB5F0172F1E95FA008F0849 /* SparkResponse.swift */,
			);
			path = Model;
			sourceTree = "<group>";
		};
		EFB5EFE72F1E7877008F0849 /* View */ = {
			isa = PBXGroup;
			children = (
				EFB5F0072F1E8DB8008F0849 /* SparkListView.swift */,
				EFB5F01A2F1E96EB008F0849 /* UmamusumeListView.swift */,
			);
			path = View;
			sourceTree = "<group>";
		};
		EFB5EFE82F1E787C008F0849 /* ViewModel */ = {
			isa = PBXGroup;
			children = (
				EFB5EFF42F1E823E008F0849 /* APIService.swift */,
				EFB5EFFE2F1E876D008F0849 /* APIError.swift */,
				EF15D31C2F27B77A000BDEC8 /* UmamusumeViewModel.swift */,
			);
			path = ViewModel;
			sourceTree = "<group>";
		};
/* End PBXGroup section */

/* Begin PBXNativeTarget section */
		EF3026902F1E75FA00C74085 /* UmamuAPI Project */ = {
			isa = PBXNativeTarget;
			buildConfigurationList = EF3026A02F1E75FB00C74085 /* Build configuration list for PBXNativeTarget "UmamuAPI Project" */;
			buildPhases = (
				EF30268D2F1E75FA00C74085 /* Sources */,
				EF30268E2F1E75FA00C74085 /* Frameworks */,
				EF30268F2F1E75FA00C74085 /* Resources */,
			);
			buildRules = (
			);
			dependencies = (
			);
			name = "UmamuAPI Project";
			productName = "UmamuAPI Project";
			productReference = EF3026912F1E75FA00C74085 /* UmamuAPI Project.app */;
			productType = "com.apple.product-type.application";
		};
/* End PBXNativeTarget section */

/* Begin PBXProject section */
		EF3026892F1E75FA00C74085 /* Project object */ = {
			isa = PBXProject;
			attributes = {
				LastSwiftUpdateCheck = 1240;
				LastUpgradeCheck = 1240;
				TargetAttributes = {
					EF3026902F1E75FA00C74085 = {
						CreatedOnToolsVersion = 12.4;
					};
				};
			};
			buildConfigurationList = EF30268C2F1E75FA00C74085 /* Build configuration list for PBXProject "UmamuAPI Project" */;
			compatibilityVersion = "Xcode 9.3";
			developmentRegion = en;
			hasScannedForEncodings = 0;
			knownRegions = (
				en,
				Base,
			);
			mainGroup = EF3026882F1E75FA00C74085;
			productRefGroup = EF3026922F1E75FA00C74085 /* Products */;
			projectDirPath = "";
			projectRoot = "";
			targets = (
				EF3026902F1E75FA00C74085 /* UmamuAPI Project */,
			);
		};
/* End PBXProject section */

/* Begin PBXResourcesBuildPhase section */
		EF30268F2F1E75FA00C74085 /* Resources */ = {
			isa = PBXResourcesBuildPhase;
			buildActionMask = 2147483647;
			files = (
				EF30269C2F1E75FB00C74085 /* Preview Assets.xcassets in Resources */,
				EF3026992F1E75FB00C74085 /* Assets.xcassets in Resources */,
			);
			runOnlyForDeploymentPostprocessing = 0;
		};
/* End PBXResourcesBuildPhase section */

/* Begin PBXSourcesBuildPhase section */
		EF30268D2F1E75FA00C74085 /* Sources */ = {
			isa = PBXSourcesBuildPhase;
			buildActionMask = 2147483647;
			files = (
				EFB5EFEA2F1E7906008F0849 /* Umamusume.swift in Sources */,
				EF3026972F1E75FA00C74085 /* ContentView.swift in Sources */,
				EFB5F0082F1E8DB8008F0849 /* SparkListView.swift in Sources */,
				EF3026952F1E75FA00C74085 /* UmamuAPI_ProjectApp.swift in Sources */,
				EFB5F01B2F1E96EB008F0849 /* UmamusumeListView.swift in Sources */,
				EFB5F0112F1E94F4008F0849 /* UmamusumeResponse.swift in Sources */,
				EFB5EFF52F1E823E008F0849 /* APIService.swift in Sources */,
				EF15D31D2F27B77A000BDEC8 /* UmamusumeViewModel.swift in Sources */,
				EFB5EFED2F1E791C008F0849 /* Spark.swift in Sources */,
				EFB5F0182F1E95FA008F0849 /* SparkResponse.swift in Sources */,
				EFB5EFFF2F1E876D008F0849 /* APIError.swift in Sources */,
			);
			runOnlyForDeploymentPostprocessing = 0;
		};
/* End PBXSourcesBuildPhase section */

/* Begin XCBuildConfiguration section */
		EF30269E2F1E75FB00C74085 /* Debug */ = {
			isa = XCBuildConfiguration;
			buildSettings = {
				ALWAYS_SEARCH_USER_PATHS = NO;
				CLANG_ANALYZER_NONNULL = YES;
				CLANG_ANALYZER_NUMBER_OBJECT_CONVERSION = YES_AGGRESSIVE;
				CLANG_CXX_LANGUAGE_STANDARD = "gnu++14";
				CLANG_CXX_LIBRARY = "libc++";
				CLANG_ENABLE_MODULES = YES;
				CLANG_ENABLE_OBJC_ARC = YES;
				CLANG_ENABLE_OBJC_WEAK = YES;
				CLANG_WARN_BLOCK_CAPTURE_AUTORELEASING = YES;
				CLANG_WARN_BOOL_CONVERSION = YES;
				CLANG_WARN_COMMA = YES;
				CLANG_WARN_CONSTANT_CONVERSION = YES;
				CLANG_WARN_DEPRECATED_OBJC_IMPLEMENTATIONS = YES;
				CLANG_WARN_DIRECT_OBJC_ISA_USAGE = YES_ERROR;
				CLANG_WARN_DOCUMENTATION_COMMENTS = YES;
				CLANG_WARN_EMPTY_BODY = YES;
				CLANG_WARN_ENUM_CONVERSION = YES;
				CLANG_WARN_INFINITE_RECURSION = YES;
				CLANG_WARN_INT_CONVERSION = YES;
				CLANG_WARN_NON_LITERAL_NULL_CONVERSION = YES;
				CLANG_WARN_OBJC_IMPLICIT_RETAIN_SELF = YES;
				CLANG_WARN_OBJC_LITERAL_CONVERSION = YES;
				CLANG_WARN_OBJC_ROOT_CLASS = YES_ERROR;
				CLANG_WARN_QUOTED_INCLUDE_IN_FRAMEWORK_HEADER = YES;
				CLANG_WARN_RANGE_LOOP_ANALYSIS = YES;
				CLANG_WARN_STRICT_PROTOTYPES = YES;
				CLANG_WARN_SUSPICIOUS_MOVE = YES;
				CLANG_WARN_UNGUARDED_AVAILABILITY = YES_AGGRESSIVE;
				CLANG_WARN_UNREACHABLE_CODE = YES;
				CLANG_WARN__DUPLICATE_METHOD_MATCH = YES;
				COPY_PHASE_STRIP = NO;
				DEBUG_INFORMATION_FORMAT = dwarf;
				ENABLE_STRICT_OBJC_MSGSEND = YES;
				ENABLE_TESTABILITY = YES;
				GCC_C_LANGUAGE_STANDARD = gnu11;
				GCC_DYNAMIC_NO_PIC = NO;
				GCC_NO_COMMON_BLOCKS = YES;
				GCC_OPTIMIZATION_LEVEL = 0;
				GCC_PREPROCESSOR_DEFINITIONS = (
					"DEBUG=1",
					"$(inherited)",
				);
				GCC_WARN_64_TO_32_BIT_CONVERSION = YES;
				GCC_WARN_ABOUT_RETURN_TYPE = YES_ERROR;
				GCC_WARN_UNDECLARED_SELECTOR = YES;
				GCC_WARN_UNINITIALIZED_AUTOS = YES_AGGRESSIVE;
				GCC_WARN_UNUSED_FUNCTION = YES;
				GCC_WARN_UNUSED_VARIABLE = YES;
				IPHONEOS_DEPLOYMENT_TARGET = 14.4;
				MTL_ENABLE_DEBUG_INFO = INCLUDE_SOURCE;
				MTL_FAST_MATH = YES;
				ONLY_ACTIVE_ARCH = YES;
				SDKROOT = iphoneos;
				SWIFT_ACTIVE_COMPILATION_CONDITIONS = DEBUG;
				SWIFT_OPTIMIZATION_LEVEL = "-Onone";
			};
			name = Debug;
		};
		EF30269F2F1E75FB00C74085 /* Release */ = {
			isa = XCBuildConfiguration;
			buildSettings = {
				ALWAYS_SEARCH_USER_PATHS = NO;
				CLANG_ANALYZER_NONNULL = YES;
				CLANG_ANALYZER_NUMBER_OBJECT_CONVERSION = YES_AGGRESSIVE;
				CLANG_CXX_LANGUAGE_STANDARD = "gnu++14";
				CLANG_CXX_LIBRARY = "libc++";
				CLANG_ENABLE_MODULES = YES;
				CLANG_ENABLE_OBJC_ARC = YES;
				CLANG_ENABLE_OBJC_WEAK = YES;
				CLANG_WARN_BLOCK_CAPTURE_AUTORELEASING = YES;
				CLANG_WARN_BOOL_CONVERSION = YES;
				CLANG_WARN_COMMA = YES;
				CLANG_WARN_CONSTANT_CONVERSION = YES;
				CLANG_WARN_DEPRECATED_OBJC_IMPLEMENTATIONS = YES;
				CLANG_WARN_DIRECT_OBJC_ISA_USAGE = YES_ERROR;
				CLANG_WARN_DOCUMENTATION_COMMENTS = YES;
				CLANG_WARN_EMPTY_BODY = YES;
				CLANG_WARN_ENUM_CONVERSION = YES;
				CLANG_WARN_INFINITE_RECURSION = YES;
				CLANG_WARN_INT_CONVERSION = YES;
				CLANG_WARN_NON_LITERAL_NULL_CONVERSION = YES;
				CLANG_WARN_OBJC_IMPLICIT_RETAIN_SELF = YES;
				CLANG_WARN_OBJC_LITERAL_CONVERSION = YES;
				CLANG_WARN_OBJC_ROOT_CLASS = YES_ERROR;
				CLANG_WARN_QUOTED_INCLUDE_IN_FRAMEWORK_HEADER = YES;
				CLANG_WARN_RANGE_LOOP_ANALYSIS = YES;
				CLANG_WARN_STRICT_PROTOTYPES = YES;
				CLANG_WARN_SUSPICIOUS_MOVE = YES;
				CLANG_WARN_UNGUARDED_AVAILABILITY = YES_AGGRESSIVE;
				CLANG_WARN_UNREACHABLE_CODE = YES;
				CLANG_WARN__DUPLICATE_METHOD_MATCH = YES;
				COPY_PHASE_STRIP = NO;
				DEBUG_INFORMATION_FORMAT = "dwarf-with-dsym";
				ENABLE_NS_ASSERTIONS = NO;
				ENABLE_STRICT_OBJC_MSGSEND = YES;
				GCC_C_LANGUAGE_STANDARD = gnu11;
				GCC_NO_COMMON_BLOCKS = YES;
				GCC_WARN_64_TO_32_BIT_CONVERSION = YES;
				GCC_WARN_ABOUT_RETURN_TYPE = YES_ERROR;
				GCC_WARN_UNDECLARED_SELECTOR = YES;
				GCC_WARN_UNINITIALIZED_AUTOS = YES_AGGRESSIVE;
				GCC_WARN_UNUSED_FUNCTION = YES;
				GCC_WARN_UNUSED_VARIABLE = YES;
				IPHONEOS_DEPLOYMENT_TARGET = 14.4;
				MTL_ENABLE_DEBUG_INFO = NO;
				MTL_FAST_MATH = YES;
				SDKROOT = iphoneos;
				SWIFT_COMPILATION_MODE = wholemodule;
				SWIFT_OPTIMIZATION_LEVEL = "-O";
				VALIDATE_PRODUCT = YES;
			};
			name = Release;
		};
		EF3026A12F1E75FB00C74085 /* Debug */ = {
			isa = XCBuildConfiguration;
			buildSettings = {
				ASSETCATALOG_COMPILER_APPICON_NAME = AppIcon;
				ASSETCATALOG_COMPILER_GLOBAL_ACCENT_COLOR_NAME = AccentColor;
				CODE_SIGN_STYLE = Automatic;
				DEVELOPMENT_ASSET_PATHS = "\"UmamuAPI Project/Preview Content\"";
				ENABLE_PREVIEWS = YES;
				INFOPLIST_FILE = "UmamuAPI Project/Info.plist";
				IPHONEOS_DEPLOYMENT_TARGET = 14.0;
				LD_RUNPATH_SEARCH_PATHS = (
					"$(inherited)",
					"@executable_path/Frameworks",
				);
				PRODUCT_BUNDLE_IDENTIFIER = "cat.lasalle.gracia.UmamuAPI-Project";
				PRODUCT_NAME = "$(TARGET_NAME)";
				SWIFT_VERSION = 5.0;
				TARGETED_DEVICE_FAMILY = "1,2";
			};
			name = Debug;
		};
		EF3026A22F1E75FB00C74085 /* Release */ = {
			isa = XCBuildConfiguration;
			buildSettings = {
				ASSETCATALOG_COMPILER_APPICON_NAME = AppIcon;
				ASSETCATALOG_COMPILER_GLOBAL_ACCENT_COLOR_NAME = AccentColor;
				CODE_SIGN_STYLE = Automatic;
				DEVELOPMENT_ASSET_PATHS = "\"UmamuAPI Project/Preview Content\"";
				ENABLE_PREVIEWS = YES;
				INFOPLIST_FILE = "UmamuAPI Project/Info.plist";
				IPHONEOS_DEPLOYMENT_TARGET = 14.0;
				LD_RUNPATH_SEARCH_PATHS = (
					"$(inherited)",
					"@executable_path/Frameworks",
				);
				PRODUCT_BUNDLE_IDENTIFIER = "cat.lasalle.gracia.UmamuAPI-Project";
				PRODUCT_NAME = "$(TARGET_NAME)";
				SWIFT_VERSION = 5.0;
				TARGETED_DEVICE_FAMILY = "1,2";
			};
			name = Release;
		};
/* End XCBuildConfiguration section */

/* Begin XCConfigurationList section */
		EF30268C2F1E75FA00C74085 /* Build configuration list for PBXProject "UmamuAPI Project" */ = {
			isa = XCConfigurationList;
			buildConfigurations = (
				EF30269E2F1E75FB00C74085 /* Debug */,
				EF30269F2F1E75FB00C74085 /* Release */,
			);
			defaultConfigurationIsVisible = 0;
			defaultConfigurationName = Release;
		};
		EF3026A02F1E75FB00C74085 /* Build configuration list for PBXNativeTarget "UmamuAPI Project" */ = {
			isa = XCConfigurationList;
			buildConfigurations = (
				EF3026A12F1E75FB00C74085 /* Debug */,
				EF3026A22F1E75FB00C74085 /* Release */,
			);
			defaultConfigurationIsVisible = 0;
			defaultConfigurationName = Release;
		};
/* End XCConfigurationList section */
	};
	rootObject = EF3026892F1E75FA00C74085 /* Project object */;
}
